
Microsoft Visual Studio Solution File, Format Version 12.00
# Visual Studio 15
VisualStudioVersion = 15.0.28307.1259
MinimumVisualStudioVersion = 10.0.40219.1
Project("{8BC9CEB8-8B4A-11D0-8D11-00A0C91BC942}") = "GoCabinet", "BaseCalculator\BaseCalculator.vcxproj", "{DA4223B3-AE16-455A-A7DE-4312FD178919}"
EndProject
Project("{54435603-DBB4-11D2-8724-00A0C9A8B90C}") = "GoCabinet_Setup", "GoCabinet_Setup\GoCabinet_Setup.vdproj", "{5BE55C48-0C66-4337-B91B-97D375C481F1}"
EndProject
Global
	GlobalSection(SolutionConfigurationPlatforms) = preSolution
		Debug|x64 = Debug|x64
		Debug|x86 = Debug|x86
		Release|x64 = Release|x64
		Release|x86 = Release|x86
	EndGlobalSection
	GlobalSection(ProjectConfigurationPlatforms) = postSolution
		{DA4223B3-AE16-455A-A7DE-4312FD178919}.Debug|x64.ActiveCfg = Debug|x64
		{DA4223B3-AE16-455A-A7DE-4312FD178919}.Debug|x64.Build.0 = Debug|x64
		{DA4223B3-AE16-455A-A7DE-4312FD178919}.Debug|x86.ActiveCfg = Debug|Win32
		{DA4223B3-AE16-455A-A7DE-4312FD178919}.Debug|x86.Build.0 = Debug|Win32
		{DA4223B3-AE16-455A-A7DE-4312FD178919}.Release|x64.ActiveCfg = Release|x64
		{DA4223B3-AE16-455A-A7DE-4312FD178919}.Release|x64.Build.0 = Release|x64
		{DA4223B3-AE16-455A-A7DE-4312FD178919}.Release|x86.ActiveCfg = Release|Win32
		{DA4223B3-AE16-455A-A7DE-4312FD178919}.Release|x86.Build.0 = Release|Win32
		{5BE55C48-0C66-4337-B91B-97D375C481F1}.Debug|x64.ActiveCfg = Debug
		{5BE55C48-0C66-4337-B91B-97D375C481F1}.Debug|x86.ActiveCfg = Debug
		{5BE55C48-0C66-4337-B91B-97D375C481F1}.Release|x64.ActiveCfg = Release
		{5BE55C48-0C66-4337-B91B-97D375C481F1}.Release|x64.Build.0 = Release
		{5BE55C48-0C66-4337-B91B-97D375C481F1}.Release|x86.ActiveCfg = Release
	EndGlobalSection
	GlobalSection(SolutionProperties) = preSolution
		HideSolutionNode = FALSE
	EndGlobalSection
	GlobalSection(ExtensibilityGlobals) = postSolution
		SolutionGuid = {7764CC76-9C6A-421B-A4AB-AEB20B220277}
	EndGlobalSection
EndGlobal
